
Microsoft Visual Studio Solution File, Format Version 12.00
# Visual Studio Version 17
VisualStudioVersion = 17.1.31911.260
MinimumVisualStudioVersion = 10.0.40219.1
Project("{8BC9CEB8-8B4A-11D0-8D11-00A0C91BC942}") = "Problem01", "Problem01\Problem01.vcxproj", "{38922187-C9FD-4063-B3E7-4FF8B74F1395}"
EndProject
Project("{8BC9CEB8-8B4A-11D0-8D11-00A0C91BC942}") = "Problem02", "Problem02\Problem02.vcxproj", "{BFE46367-741F-4E08-8E49-104F06CF1422}"
EndProject
Project("{8BC9CEB8-8B4A-11D0-8D11-00A0C91BC942}") = "Problem03", "Problem03\Problem03.vcxproj", "{44E63750-D1E1-461A-BA8B-9D3B796D1C2C}"
EndProject
Project("{8BC9CEB8-8B4A-11D0-8D11-00A0C91BC942}") = "Problem04", "Problem04\Problem04.vcxproj", "{E8F20789-139A-4A38-A80A-5785C67DC664}"
EndProject
Project("{8BC9CEB8-8B4A-11D0-8D11-00A0C91BC942}") = "Problem05", "Problem05\Problem05.vcxproj", "{E2BDFD0F-EBCE-4193-8122-E733886FD706}"
EndProject
Project("{8BC9CEB8-8B4A-11D0-8D11-00A0C91BC942}") = "Problem06", "Problem06\Problem06.vcxproj", "{26E6299F-C28C-4D6E-99D2-E580141A3A7C}"
EndProject
Project("{8BC9CEB8-8B4A-11D0-8D11-00A0C91BC942}") = "Problem07", "Problem07\Problem07.vcxproj", "{1A334C51-8D56-46F3-975A-F6606D3502D0}"
EndProject
Project("{8BC9CEB8-8B4A-11D0-8D11-00A0C91BC942}") = "Problem08", "Problem08\Problem08.vcxproj", "{04136C93-3C06-46B1-987F-B95EBE946CAF}"
EndProject
Project("{8BC9CEB8-8B4A-11D0-8D11-00A0C91BC942}") = "Problem09", "Problem09\Problem09.vcxproj", "{549EC737-0A6E-4AB9-A525-52A6FC2A50E1}"
EndProject
Project("{8BC9CEB8-8B4A-11D0-8D11-00A0C91BC942}") = "Problem10", "Problem10\Problem10.vcxproj", "{D66DAAF9-3341-4219-902C-EED4ADB433EB}"
EndProject
Project("{8BC9CEB8-8B4A-11D0-8D11-00A0C91BC942}") = "ProblemSort", "ProblemSort\ProblemSort.vcxproj", "{DB01F3F6-52F1-4A5E-BC48-058A57D64A4B}"
EndProject
Project("{8BC9CEB8-8B4A-11D0-8D11-00A0C91BC942}") = "ProblemShop", "ProblemShop\ProblemShop.vcxproj", "{56D72350-31A9-4677-B4EF-CBA0DC108BDE}"
EndProject
Global
	GlobalSection(SolutionConfigurationPlatforms) = preSolution
		Debug|x64 = Debug|x64
		Debug|x86 = Debug|x86
		Release|x64 = Release|x64
		Release|x86 = Release|x86
	EndGlobalSection
	GlobalSection(ProjectConfigurationPlatforms) = postSolution
		{38922187-C9FD-4063-B3E7-4FF8B74F1395}.Debug|x64.ActiveCfg = Debug|x64
		{38922187-C9FD-4063-B3E7-4FF8B74F1395}.Debug|x64.Build.0 = Debug|x64
		{38922187-C9FD-4063-B3E7-4FF8B74F1395}.Debug|x86.ActiveCfg = Debug|Win32
		{38922187-C9FD-4063-B3E7-4FF8B74F1395}.Debug|x86.Build.0 = Debug|Win32
		{38922187-C9FD-4063-B3E7-4FF8B74F1395}.Release|x64.ActiveCfg = Release|x64
		{38922187-C9FD-4063-B3E7-4FF8B74F1395}.Release|x64.Build.0 = Release|x64
		{38922187-C9FD-4063-B3E7-4FF8B74F1395}.Release|x86.ActiveCfg = Release|Win32
		{38922187-C9FD-4063-B3E7-4FF8B74F1395}.Release|x86.Build.0 = Release|Win32
		{BFE46367-741F-4E08-8E49-104F06CF1422}.Debug|x64.ActiveCfg = Debug|x64
		{BFE46367-741F-4E08-8E49-104F06CF1422}.Debug|x64.Build.0 = Debug|x64
		{BFE46367-741F-4E08-8E49-104F06CF1422}.Debug|x86.ActiveCfg = Debug|Win32
		{BFE46367-741F-4E08-8E49-104F06CF1422}.Debug|x86.Build.0 = Debug|Win32
		{BFE46367-741F-4E08-8E49-104F06CF1422}.Release|x64.ActiveCfg = Release|x64
		{BFE46367-741F-4E08-8E49-104F06CF1422}.Release|x64.Build.0 = Release|x64
		{BFE46367-741F-4E08-8E49-104F06CF1422}.Release|x86.ActiveCfg = Release|Win32
		{BFE46367-741F-4E08-8E49-104F06CF1422}.Release|x86.Build.0 = Release|Win32
		{44E63750-D1E1-461A-BA8B-9D3B796D1C2C}.Debug|x64.ActiveCfg = Debug|x64
		{44E63750-D1E1-461A-BA8B-9D3B796D1C2C}.Debug|x64.Build.0 = Debug|x64
		{44E63750-D1E1-461A-BA8B-9D3B796D1C2C}.Debug|x86.ActiveCfg = Debug|Win32
		{44E63750-D1E1-461A-BA8B-9D3B796D1C2C}.Debug|x86.Build.0 = Debug|Win32
		{44E63750-D1E1-461A-BA8B-9D3B796D1C2C}.Release|x64.ActiveCfg = Release|x64
		{44E63750-D1E1-461A-BA8B-9D3B796D1C2C}.Release|x64.Build.0 = Release|x64
		{44E63750-D1E1-461A-BA8B-9D3B796D1C2C}.Release|x86.ActiveCfg = Release|Win32
		{44E63750-D1E1-461A-BA8B-9D3B796D1C2C}.Release|x86.Build.0 = Release|Win32
		{E8F20789-139A-4A38-A80A-5785C67DC664}.Debug|x64.ActiveCfg = Debug|x64
		{E8F20789-139A-4A38-A80A-5785C67DC664}.Debug|x64.Build.0 = Debug|x64
		{E8F20789-139A-4A38-A80A-5785C67DC664}.Debug|x86.ActiveCfg = Debug|Win32
		{E8F20789-139A-4A38-A80A-5785C67DC664}.Debug|x86.Build.0 = Debug|Win32
		{E8F20789-139A-4A38-A80A-5785C67DC664}.Release|x64.ActiveCfg = Release|x64
		{E8F20789-139A-4A38-A80A-5785C67DC664}.Release|x64.Build.0 = Release|x64
		{E8F20789-139A-4A38-A80A-5785C67DC664}.Release|x86.ActiveCfg = Release|Win32
		{E8F20789-139A-4A38-A80A-5785C67DC664}.Release|x86.Build.0 = Release|Win32
		{E2BDFD0F-EBCE-4193-8122-E733886FD706}.Debug|x64.ActiveCfg = Debug|x64
		{E2BDFD0F-EBCE-4193-8122-E733886FD706}.Debug|x64.Build.0 = Debug|x64
		{E2BDFD0F-EBCE-4193-8122-E733886FD706}.Debug|x86.ActiveCfg = Debug|Win32
		{E2BDFD0F-EBCE-4193-8122-E733886FD706}.Debug|x86.Build.0 = Debug|Win32
		{E2BDFD0F-EBCE-4193-8122-E733886FD706}.Release|x64.ActiveCfg = Release|x64
		{E2BDFD0F-EBCE-4193-8122-E733886FD706}.Release|x64.Build.0 = Release|x64
		{E2BDFD0F-EBCE-4193-8122-E733886FD706}.Release|x86.ActiveCfg = Release|Win32
		{E2BDFD0F-EBCE-4193-8122-E733886FD706}.Release|x86.Build.0 = Release|Win32
		{26E6299F-C28C-4D6E-99D2-E580141A3A7C}.Debug|x64.ActiveCfg = Debug|x64
		{26E6299F-C28C-4D6E-99D2-E580141A3A7C}.Debug|x64.Build.0 = Debug|x64
		{26E6299F-C28C-4D6E-99D2-E580141A3A7C}.Debug|x86.ActiveCfg = Debug|Win32
		{26E6299F-C28C-4D6E-99D2-E580141A3A7C}.Debug|x86.Build.0 = Debug|Win32
		{26E6299F-C28C-4D6E-99D2-E580141A3A7C}.Release|x64.ActiveCfg = Release|x64
		{26E6299F-C28C-4D6E-99D2-E580141A3A7C}.Release|x64.Build.0 = Release|x64
		{26E6299F-C28C-4D6E-99D2-E580141A3A7C}.Release|x86.ActiveCfg = Release|Win32
		{26E6299F-C28C-4D6E-99D2-E580141A3A7C}.Release|x86.Build.0 = Release|Win32
		{1A334C51-8D56-46F3-975A-F6606D3502D0}.Debug|x64.ActiveCfg = Debug|x64
		{1A334C51-8D56-46F3-975A-F6606D3502D0}.Debug|x64.Build.0 = Debug|x64
		{1A334C51-8D56-46F3-975A-F6606D3502D0}.Debug|x86.ActiveCfg = Debug|Win32
		{1A334C51-8D56-46F3-975A-F6606D3502D0}.Debug|x86.Build.0 = Debug|Win32
		{1A334C51-8D56-46F3-975A-F6606D3502D0}.Release|x64.ActiveCfg = Release|x64
		{1A334C51-8D56-46F3-975A-F6606D3502D0}.Release|x64.Build.0 = Release|x64
		{1A334C51-8D56-46F3-975A-F6606D3502D0}.Release|x86.ActiveCfg = Release|Win32
		{1A334C51-8D56-46F3-975A-F6606D3502D0}.Release|x86.Build.0 = Release|Win32
		{04136C93-3C06-46B1-987F-B95EBE946CAF}.Debug|x64.ActiveCfg = Debug|x64
		{04136C93-3C06-46B1-987F-B95EBE946CAF}.Debug|x64.Build.0 = Debug|x64
		{04136C93-3C06-46B1-987F-B95EBE946CAF}.Debug|x86.ActiveCfg = Debug|Win32
		{04136C93-3C06-46B1-987F-B95EBE946CAF}.Debug|x86.Build.0 = Debug|Win32
		{04136C93-3C06-46B1-987F-B95EBE946CAF}.Release|x64.ActiveCfg = Release|x64
		{04136C93-3C06-46B1-987F-B95EBE946CAF}.Release|x64.Build.0 = Release|x64
		{04136C93-3C06-46B1-987F-B95EBE946CAF}.Release|x86.ActiveCfg = Release|Win32
		{04136C93-3C06-46B1-987F-B95EBE946CAF}.Release|x86.Build.0 = Release|Win32
		{549EC737-0A6E-4AB9-A525-52A6FC2A50E1}.Debug|x64.ActiveCfg = Debug|x64
		{549EC737-0A6E-4AB9-A525-52A6FC2A50E1}.Debug|x64.Build.0 = Debug|x64
		{549EC737-0A6E-4AB9-A525-52A6FC2A50E1}.Debug|x86.ActiveCfg = Debug|Win32
		{549EC737-0A6E-4AB9-A525-52A6FC2A50E1}.Debug|x86.Build.0 = Debug|Win32
		{549EC737-0A6E-4AB9-A525-52A6FC2A50E1}.Release|x64.ActiveCfg = Release|x64
		{549EC737-0A6E-4AB9-A525-52A6FC2A50E1}.Release|x64.Build.0 = Release|x64
		{549EC737-0A6E-4AB9-A525-52A6FC2A50E1}.Release|x86.ActiveCfg = Release|Win32
		{549EC737-0A6E-4AB9-A525-52A6FC2A50E1}.Release|x86.Build.0 = Release|Win32
		{D66DAAF9-3341-4219-902C-EED4ADB433EB}.Debug|x64.ActiveCfg = Debug|x64
		{D66DAAF9-3341-4219-902C-EED4ADB433EB}.Debug|x64.Build.0 = Debug|x64
		{D66DAAF9-3341-4219-902C-EED4ADB433EB}.Debug|x86.ActiveCfg = Debug|Win32
		{D66DAAF9-3341-4219-902C-EED4ADB433EB}.Debug|x86.Build.0 = Debug|Win32
		{D66DAAF9-3341-4219-902C-EED4ADB433EB}.Release|x64.ActiveCfg = Release|x64
		{D66DAAF9-3341-4219-902C-EED4ADB433EB}.Release|x64.Build.0 = Release|x64
		{D66DAAF9-3341-4219-902C-EED4ADB433EB}.Release|x86.ActiveCfg = Release|Win32
		{D66DAAF9-3341-4219-902C-EED4ADB433EB}.Release|x86.Build.0 = Release|Win32
		{DB01F3F6-52F1-4A5E-BC48-058A57D64A4B}.Debug|x64.ActiveCfg = Debug|x64
		{DB01F3F6-52F1-4A5E-BC48-058A57D64A4B}.Debug|x64.Build.0 = Debug|x64
		{DB01F3F6-52F1-4A5E-BC48-058A57D64A4B}.Debug|x86.ActiveCfg = Debug|Win32
		{DB01F3F6-52F1-4A5E-BC48-058A57D64A4B}.Debug|x86.Build.0 = Debug|Win32
		{DB01F3F6-52F1-4A5E-BC48-058A57D64A4B}.Release|x64.ActiveCfg = Release|x64
		{DB01F3F6-52F1-4A5E-BC48-058A57D64A4B}.Release|x64.Build.0 = Release|x64
		{DB01F3F6-52F1-4A5E-BC48-058A57D64A4B}.Release|x86.ActiveCfg = Release|Win32
		{DB01F3F6-52F1-4A5E-BC48-058A57D64A4B}.Release|x86.Build.0 = Release|Win32
		{56D72350-31A9-4677-B4EF-CBA0DC108BDE}.Debug|x64.ActiveCfg = Debug|x64
		{56D72350-31A9-4677-B4EF-CBA0DC108BDE}.Debug|x64.Build.0 = Debug|x64
		{56D72350-31A9-4677-B4EF-CBA0DC108BDE}.Debug|x86.ActiveCfg = Debug|Win32
		{56D72350-31A9-4677-B4EF-CBA0DC108BDE}.Debug|x86.Build.0 = Debug|Win32
		{56D72350-31A9-4677-B4EF-CBA0DC108BDE}.Release|x64.ActiveCfg = Release|x64
		{56D72350-31A9-4677-B4EF-CBA0DC108BDE}.Release|x64.Build.0 = Release|x64
		{56D72350-31A9-4677-B4EF-CBA0DC108BDE}.Release|x86.ActiveCfg = Release|Win32
		{56D72350-31A9-4677-B4EF-CBA0DC108BDE}.Release|x86.Build.0 = Release|Win32
	EndGlobalSection
	GlobalSection(SolutionProperties) = preSolution
		HideSolutionNode = FALSE
	EndGlobalSection
	GlobalSection(ExtensibilityGlobals) = postSolution
		SolutionGuid = {463087C3-BDD4-4F95-B88F-1E71D74823B7}
	EndGlobalSection
EndGlobal
